Microsoft Visual Studio Solution File, Format Version 11.00
# Visual Studio 2008

Project("{A2A4C253-591D-9CC4-F76C-119A0D7FAA7D}") = "Enviro", "Assembly-CSharp-firstpass-vs.csproj", "{6C4396E4-E3CE-609D-757A-8AA05669189C}"
EndProject
Project("{A2A4C253-591D-9CC4-F76C-119A0D7FAA7D}") = "Enviro", "Assembly-CSharp-vs.csproj", "{E53AA7A8-041B-A4B3-077F-A8876FC1E9AD}"
EndProject
Project("{A2A4C253-591D-9CC4-F76C-119A0D7FAA7D}") = "Enviro", "Assembly-CSharp-Editor-vs.csproj", "{284F0A2D-DE05-755B-3A88-7A2683A36B8B}"
EndProject
Global
	GlobalSection(SolutionConfigurationPlatforms) = preSolution
		Debug|Any CPU = Debug|Any CPU
		Release|Any CPU = Release|Any CPU
	EndGlobalSection
	GlobalSection(ProjectConfigurationPlatforms) = postSolution
		{6C4396E4-E3CE-609D-757A-8AA05669189C}.Debug|Any CPU.ActiveCfg = Debug|Any CPU
		{6C4396E4-E3CE-609D-757A-8AA05669189C}.Debug|Any CPU.Build.0 = Debug|Any CPU
		{6C4396E4-E3CE-609D-757A-8AA05669189C}.Release|Any CPU.ActiveCfg = Release|Any CPU
		{6C4396E4-E3CE-609D-757A-8AA05669189C}.Release|Any CPU.Build.0 = Release|Any CPU
		{E53AA7A8-041B-A4B3-077F-A8876FC1E9AD}.Debug|Any CPU.ActiveCfg = Debug|Any CPU
		{E53AA7A8-041B-A4B3-077F-A8876FC1E9AD}.Debug|Any CPU.Build.0 = Debug|Any CPU
		{E53AA7A8-041B-A4B3-077F-A8876FC1E9AD}.Release|Any CPU.ActiveCfg = Release|Any CPU
		{E53AA7A8-041B-A4B3-077F-A8876FC1E9AD}.Release|Any CPU.Build.0 = Release|Any CPU
		{284F0A2D-DE05-755B-3A88-7A2683A36B8B}.Debug|Any CPU.ActiveCfg = Debug|Any CPU
		{284F0A2D-DE05-755B-3A88-7A2683A36B8B}.Debug|Any CPU.Build.0 = Debug|Any CPU
		{284F0A2D-DE05-755B-3A88-7A2683A36B8B}.Release|Any CPU.ActiveCfg = Release|Any CPU
		{284F0A2D-DE05-755B-3A88-7A2683A36B8B}.Release|Any CPU.Build.0 = Release|Any CPU
	EndGlobalSection
	GlobalSection(SolutionProperties) = preSolution
		HideSolutionNode = FALSE
	EndGlobalSection
																																																																																																																																																																																																																																																																																																																																																																																																					GlobalSection(MonoDevelopProperties) = preSolution
		StartupItem = Assembly-CSharp.csproj
		Policies = $0
		$0.TextStylePolicy = $1
		$1.inheritsSet = null
		$1.scope = text/x-csharp
		$0.CSharpFormattingPolicy = $2
		$2.inheritsSet = Mono
		$2.inheritsScope = text/x-csharp
		$2.scope = text/x-csharp
		$0.TextStylePolicy = $3
		$3.FileWidth = 120
		$3.TabWidth = 4
		$3.IndentWidth = 4
		$3.EolMarker = Unix
		$3.inheritsSet = Mono
		$3.inheritsScope = text/plain
		$3.scope = text/plain
	EndGlobalSection

EndGlobal
